
Microsoft Visual Studio Solution File, Format Version 12.00
# Visual Studio 15
Project("{FAE04EC0-301F-11D3-BF4B-00C04F79EFBC}") = "Assembly-CSharp", "Assembly-CSharp.csproj", "{18E556C7-AD80-C707-8294-CE0274903924}"
EndProject
Project("{FAE04EC0-301F-11D3-BF4B-00C04F79EFBC}") = "Assembly-CSharp-firstpass", "Assembly-CSharp-firstpass.csproj", "{3308C0A6-554E-C01B-43D5-E740550CB631}"
EndProject
Project("{FAE04EC0-301F-11D3-BF4B-00C04F79EFBC}") = "Assembly-CSharp-Editor-firstpass", "Assembly-CSharp-Editor-firstpass.csproj", "{4698C80F-0F43-FF36-B096-AF117DABB2B1}"
EndProject
Global
	GlobalSection(SolutionConfigurationPlatforms) = preSolution
		Debug|Any CPU = Debug|Any CPU
		Release|Any CPU = Release|Any CPU
	EndGlobalSection
	GlobalSection(ProjectConfigurationPlatforms) = postSolution
		{18E556C7-AD80-C707-8294-CE0274903924}.Debug|Any CPU.ActiveCfg = Debug|Any CPU
		{18E556C7-AD80-C707-8294-CE0274903924}.Debug|Any CPU.Build.0 = Debug|Any CPU
		{18E556C7-AD80-C707-8294-CE0274903924}.Release|Any CPU.ActiveCfg = Release|Any CPU
		{18E556C7-AD80-C707-8294-CE0274903924}.Release|Any CPU.Build.0 = Release|Any CPU
		{3308C0A6-554E-C01B-43D5-E740550CB631}.Debug|Any CPU.ActiveCfg = Debug|Any CPU
		{3308C0A6-554E-C01B-43D5-E740550CB631}.Debug|Any CPU.Build.0 = Debug|Any CPU
		{3308C0A6-554E-C01B-43D5-E740550CB631}.Release|Any CPU.ActiveCfg = Release|Any CPU
		{3308C0A6-554E-C01B-43D5-E740550CB631}.Release|Any CPU.Build.0 = Release|Any CPU
		{4698C80F-0F43-FF36-B096-AF117DABB2B1}.Debug|Any CPU.ActiveCfg = Debug|Any CPU
		{4698C80F-0F43-FF36-B096-AF117DABB2B1}.Debug|Any CPU.Build.0 = Debug|Any CPU
		{4698C80F-0F43-FF36-B096-AF117DABB2B1}.Release|Any CPU.ActiveCfg = Release|Any CPU
		{4698C80F-0F43-FF36-B096-AF117DABB2B1}.Release|Any CPU.Build.0 = Release|Any CPU
	EndGlobalSection
	GlobalSection(SolutionProperties) = preSolution
		HideSolutionNode = FALSE
	EndGlobalSection
EndGlobal
